
Microsoft Visual Studio Solution File, Format Version 12.00
# Visual Studio Version 17
VisualStudioVersion = 17.13.35931.197
MinimumVisualStudioVersion = 10.0.40219.1
Project("{2150E333-8FDC-42A3-9474-1A3956D46DE8}") = "src", "src", "{02EA681E-C7D8-13C7-8484-4AC65E1B71E8}"
EndProject
Project("{2150E333-8FDC-42A3-9474-1A3956D46DE8}") = "tests", "tests", "{A731528C-1E3A-4F2D-8A8E-5378F35BC042}"
EndProject
Project("{2150E333-8FDC-42A3-9474-1A3956D46DE8}") = "examples", "examples", "{B026BB62-A5E7-4EB5-BB5D-1CC5D2A968B5}"
EndProject
Project("{FAE04EC0-301F-11D3-BF4B-00C04F79EFBC}") = "NetAgent.Core", "src\NetAgent.Core\NetAgent.Core.csproj", "{798DD721-1B48-4009-8E29-7E0FEDB8D7A0}"
EndProject
Project("{FAE04EC0-301F-11D3-BF4B-00C04F79EFBC}") = "NetAgent.Abstractions", "src\NetAgent.Abstractions\NetAgent.Abstractions.csproj", "{98C22789-7CDD-4080-93A2-93D1AD2BC023}"
EndProject
Project("{FAE04EC0-301F-11D3-BF4B-00C04F79EFBC}") = "NetAgent.Runtime", "src\NetAgent.Runtime\NetAgent.Runtime.csproj", "{97312D17-A672-42B1-8B10-FD64CFAAA260}"
EndProject
Project("{FAE04EC0-301F-11D3-BF4B-00C04F79EFBC}") = "NetAgent.Hosting", "src\NetAgent.Hosting\NetAgent.Hosting.csproj", "{480B5821-ADDA-4A51-B111-EC048B4E5621}"
EndProject
Project("{FAE04EC0-301F-11D3-BF4B-00C04F79EFBC}") = "NetAgent.LLM.OpenAI", "src\NetAgent.LLM.OpenAI\NetAgent.LLM.OpenAI.csproj", "{A9BD1BD0-4430-47A6-BCB7-163674948792}"
EndProject
Project("{FAE04EC0-301F-11D3-BF4B-00C04F79EFBC}") = "NetAgent.Tools.Standard", "src\NetAgent.Tools.Standard\NetAgent.Tools.Standard.csproj", "{3A01673F-1261-4B65-804D-E48CD22A52E6}"
EndProject
Project("{FAE04EC0-301F-11D3-BF4B-00C04F79EFBC}") = "NetAgent.Memory.InMemory", "src\NetAgent.Memory.InMemory\NetAgent.Memory.InMemory.csproj", "{73FA253A-0BF4-48B9-B933-0DBE9D7C390C}"
EndProject
Project("{FAE04EC0-301F-11D3-BF4B-00C04F79EFBC}") = "NetAgent.Memory.Redis", "src\NetAgent.Memory.Redis\NetAgent.Memory.Redis.csproj", "{9A60FB4D-CAC9-4339-A9B3-BF12ED6735E4}"
EndProject
Project("{FAE04EC0-301F-11D3-BF4B-00C04F79EFBC}") = "NetAgent.Planner.CustomRules", "src\NetAgent.Planner.CustomRules\NetAgent.Planner.CustomRules.csproj", "{5834218E-8831-4787-AAC4-840C2C1C15B7}"
EndProject
Project("{FAE04EC0-301F-11D3-BF4B-00C04F79EFBC}") = "NetAgent.ConsoleExample", "examples\NetAgent.ConsoleExample\NetAgent.ConsoleExample.csproj", "{2AECA314-EBAC-4764-921C-37202F740612}"
EndProject
Project("{FAE04EC0-301F-11D3-BF4B-00C04F79EFBC}") = "NetAgent.Evaluation", "src\NetAgent.Evaluation\NetAgent.Evaluation.csproj", "{FFDF9AA9-5FDD-4B08-8C4A-5969EB3D005C}"
EndProject
Project("{FAE04EC0-301F-11D3-BF4B-00C04F79EFBC}") = "NetAgent.Optimization", "src\NetAgent.Optimization\NetAgent.Optimization.csproj", "{A2AD239E-7440-441C-91C6-FD46A660C8D7}"
EndProject
Project("{FAE04EC0-301F-11D3-BF4B-00C04F79EFBC}") = "NetAgent.Strategy", "src\NetAgent.Strategy\NetAgent.Strategy.csproj", "{865FC015-1636-4857-84F4-5684BC30E741}"
EndProject
Project("{FAE04EC0-301F-11D3-BF4B-00C04F79EFBC}") = "NetAgent.LLM", "src\NetAgent.LLM\NetAgent.LLM.csproj", "{04E70A6C-CE82-43F7-AD9F-F410EA6B77AB}"
EndProject
Project("{2150E333-8FDC-42A3-9474-1A3956D46DE8}") = "Solution Items", "Solution Items", "{8EC462FD-D22E-90A8-E5CE-7E832BA40C5D}"
	ProjectSection(SolutionItems) = preProject
		LICENSE.txt = LICENSE.txt
		README.md = README.md
	EndProjectSection
EndProject
Project("{FAE04EC0-301F-11D3-BF4B-00C04F79EFBC}") = "NetAgent.Planner", "src\NetAgent.Planner\NetAgent.Planner.csproj", "{BA0D0965-F13C-6BA1-27A7-545B85F8D103}"
EndProject
Project("{2150E333-8FDC-42A3-9474-1A3956D46DE8}") = "Providers", "Providers", "{3FA29E6A-0759-4008-8E2D-D963EEA2BE7B}"
EndProject
Project("{FAE04EC0-301F-11D3-BF4B-00C04F79EFBC}") = "NetAgent.LLM.Claude", "src\NetAgent.LLM.Claude\NetAgent.LLM.Claude.csproj", "{BED5EDB3-8A6E-4C76-9817-9D41389DC3B6}"
EndProject
Project("{FAE04EC0-301F-11D3-BF4B-00C04F79EFBC}") = "NetAgent.LLM.DeepSeek", "src\NetAgent.LLM.DeepSeek\NetAgent.LLM.DeepSeek.csproj", "{E037F5D0-C2B7-4A2E-BCF0-121F82E1FC9A}"
EndProject
Project("{FAE04EC0-301F-11D3-BF4B-00C04F79EFBC}") = "NetAgent.LLM.Gemini", "src\NetAgent.LLM.Gemini\NetAgent.LLM.Gemini.csproj", "{C8EB3F46-1063-D929-6010-2756ECF98088}"
EndProject
Project("{2150E333-8FDC-42A3-9474-1A3956D46DE8}") = "Core", "Core", "{0299B354-3FAC-4A02-AEA0-C2DF96E32FE4}"
EndProject
Project("{2150E333-8FDC-42A3-9474-1A3956D46DE8}") = "Memory", "Memory", "{0388238D-24DE-42A4-A129-FEA26986EB7C}"
EndProject
Project("{2150E333-8FDC-42A3-9474-1A3956D46DE8}") = "Planning", "Planning", "{9D79E3E9-D8DB-4D30-86DB-6F1D1765A232}"
EndProject
Project("{2150E333-8FDC-42A3-9474-1A3956D46DE8}") = "Running", "Running", "{74879F3F-8520-45B6-B9BA-90157499F9E0}"
EndProject
Project("{2150E333-8FDC-42A3-9474-1A3956D46DE8}") = "Tools", "Tools", "{335B5770-377C-491A-BDC6-DA3D610CCBA0}"
EndProject
Project("{FAE04EC0-301F-11D3-BF4B-00C04F79EFBC}") = "NetAgent.Abstractions.Tests", "tests\NetAgent.Abstractions.Tests\NetAgent.Abstractions.Tests.csproj", "{A5F4C29A-D749-4E87-8B62-39E2B250DE56}"
EndProject
Project("{FAE04EC0-301F-11D3-BF4B-00C04F79EFBC}") = "NetAgent.LLM.Tests", "tests\NetAgent.LLM.Tests\NetAgent.LLM.Tests.csproj", "{9BCD6EDB-602F-4AF3-81BA-440E5303F163}"
EndProject
Project("{FAE04EC0-301F-11D3-BF4B-00C04F79EFBC}") = "NetAgent.Runtime.Tests", "tests\NetAgent.Runtime.Tests\NetAgent.Runtime.Tests.csproj", "{6A6AFA95-751E-49EF-BDBD-FDE199497FB8}"
EndProject
Project("{FAE04EC0-301F-11D3-BF4B-00C04F79EFBC}") = "NetAgent.Memory.SemanticQdrant", "src\NetAgent.Memory.SemanticQdrant\NetAgent.Memory.SemanticQdrant.csproj", "{7D09FB14-8299-86E6-C9E1-E8B7D6254045}"
EndProject
Global
	GlobalSection(SolutionConfigurationPlatforms) = preSolution
		Debug|Any CPU = Debug|Any CPU
		Release|Any CPU = Release|Any CPU
	EndGlobalSection
	GlobalSection(ProjectConfigurationPlatforms) = postSolution
		{798DD721-1B48-4009-8E29-7E0FEDB8D7A0}.Debug|Any CPU.ActiveCfg = Debug|Any CPU
		{798DD721-1B48-4009-8E29-7E0FEDB8D7A0}.Debug|Any CPU.Build.0 = Debug|Any CPU
		{798DD721-1B48-4009-8E29-7E0FEDB8D7A0}.Release|Any CPU.ActiveCfg = Release|Any CPU
		{798DD721-1B48-4009-8E29-7E0FEDB8D7A0}.Release|Any CPU.Build.0 = Release|Any CPU
		{98C22789-7CDD-4080-93A2-93D1AD2BC023}.Debug|Any CPU.ActiveCfg = Debug|Any CPU
		{98C22789-7CDD-4080-93A2-93D1AD2BC023}.Debug|Any CPU.Build.0 = Debug|Any CPU
		{98C22789-7CDD-4080-93A2-93D1AD2BC023}.Release|Any CPU.ActiveCfg = Release|Any CPU
		{98C22789-7CDD-4080-93A2-93D1AD2BC023}.Release|Any CPU.Build.0 = Release|Any CPU
		{97312D17-A672-42B1-8B10-FD64CFAAA260}.Debug|Any CPU.ActiveCfg = Debug|Any CPU
		{97312D17-A672-42B1-8B10-FD64CFAAA260}.Debug|Any CPU.Build.0 = Debug|Any CPU
		{97312D17-A672-42B1-8B10-FD64CFAAA260}.Release|Any CPU.ActiveCfg = Release|Any CPU
		{97312D17-A672-42B1-8B10-FD64CFAAA260}.Release|Any CPU.Build.0 = Release|Any CPU
		{480B5821-ADDA-4A51-B111-EC048B4E5621}.Debug|Any CPU.ActiveCfg = Debug|Any CPU
		{480B5821-ADDA-4A51-B111-EC048B4E5621}.Debug|Any CPU.Build.0 = Debug|Any CPU
		{480B5821-ADDA-4A51-B111-EC048B4E5621}.Release|Any CPU.ActiveCfg = Release|Any CPU
		{480B5821-ADDA-4A51-B111-EC048B4E5621}.Release|Any CPU.Build.0 = Release|Any CPU
		{A9BD1BD0-4430-47A6-BCB7-163674948792}.Debug|Any CPU.ActiveCfg = Debug|Any CPU
		{A9BD1BD0-4430-47A6-BCB7-163674948792}.Debug|Any CPU.Build.0 = Debug|Any CPU
		{A9BD1BD0-4430-47A6-BCB7-163674948792}.Release|Any CPU.ActiveCfg = Release|Any CPU
		{A9BD1BD0-4430-47A6-BCB7-163674948792}.Release|Any CPU.Build.0 = Release|Any CPU
		{3A01673F-1261-4B65-804D-E48CD22A52E6}.Debug|Any CPU.ActiveCfg = Debug|Any CPU
		{3A01673F-1261-4B65-804D-E48CD22A52E6}.Debug|Any CPU.Build.0 = Debug|Any CPU
		{3A01673F-1261-4B65-804D-E48CD22A52E6}.Release|Any CPU.ActiveCfg = Release|Any CPU
		{3A01673F-1261-4B65-804D-E48CD22A52E6}.Release|Any CPU.Build.0 = Release|Any CPU
		{73FA253A-0BF4-48B9-B933-0DBE9D7C390C}.Debug|Any CPU.ActiveCfg = Debug|Any CPU
		{73FA253A-0BF4-48B9-B933-0DBE9D7C390C}.Debug|Any CPU.Build.0 = Debug|Any CPU
		{73FA253A-0BF4-48B9-B933-0DBE9D7C390C}.Release|Any CPU.ActiveCfg = Release|Any CPU
		{73FA253A-0BF4-48B9-B933-0DBE9D7C390C}.Release|Any CPU.Build.0 = Release|Any CPU
		{9A60FB4D-CAC9-4339-A9B3-BF12ED6735E4}.Debug|Any CPU.ActiveCfg = Debug|Any CPU
		{9A60FB4D-CAC9-4339-A9B3-BF12ED6735E4}.Debug|Any CPU.Build.0 = Debug|Any CPU
		{9A60FB4D-CAC9-4339-A9B3-BF12ED6735E4}.Release|Any CPU.ActiveCfg = Release|Any CPU
		{9A60FB4D-CAC9-4339-A9B3-BF12ED6735E4}.Release|Any CPU.Build.0 = Release|Any CPU
		{5834218E-8831-4787-AAC4-840C2C1C15B7}.Debug|Any CPU.ActiveCfg = Debug|Any CPU
		{5834218E-8831-4787-AAC4-840C2C1C15B7}.Debug|Any CPU.Build.0 = Debug|Any CPU
		{5834218E-8831-4787-AAC4-840C2C1C15B7}.Release|Any CPU.ActiveCfg = Release|Any CPU
		{5834218E-8831-4787-AAC4-840C2C1C15B7}.Release|Any CPU.Build.0 = Release|Any CPU
		{2AECA314-EBAC-4764-921C-37202F740612}.Debug|Any CPU.ActiveCfg = Debug|Any CPU
		{2AECA314-EBAC-4764-921C-37202F740612}.Debug|Any CPU.Build.0 = Debug|Any CPU
		{2AECA314-EBAC-4764-921C-37202F740612}.Release|Any CPU.ActiveCfg = Release|Any CPU
		{2AECA314-EBAC-4764-921C-37202F740612}.Release|Any CPU.Build.0 = Release|Any CPU
		{FFDF9AA9-5FDD-4B08-8C4A-5969EB3D005C}.Debug|Any CPU.ActiveCfg = Debug|Any CPU
		{FFDF9AA9-5FDD-4B08-8C4A-5969EB3D005C}.Debug|Any CPU.Build.0 = Debug|Any CPU
		{FFDF9AA9-5FDD-4B08-8C4A-5969EB3D005C}.Release|Any CPU.ActiveCfg = Release|Any CPU
		{FFDF9AA9-5FDD-4B08-8C4A-5969EB3D005C}.Release|Any CPU.Build.0 = Release|Any CPU
		{A2AD239E-7440-441C-91C6-FD46A660C8D7}.Debug|Any CPU.ActiveCfg = Debug|Any CPU
		{A2AD239E-7440-441C-91C6-FD46A660C8D7}.Debug|Any CPU.Build.0 = Debug|Any CPU
		{A2AD239E-7440-441C-91C6-FD46A660C8D7}.Release|Any CPU.ActiveCfg = Release|Any CPU
		{A2AD239E-7440-441C-91C6-FD46A660C8D7}.Release|Any CPU.Build.0 = Release|Any CPU
		{865FC015-1636-4857-84F4-5684BC30E741}.Debug|Any CPU.ActiveCfg = Debug|Any CPU
		{865FC015-1636-4857-84F4-5684BC30E741}.Debug|Any CPU.Build.0 = Debug|Any CPU
		{865FC015-1636-4857-84F4-5684BC30E741}.Release|Any CPU.ActiveCfg = Release|Any CPU
		{865FC015-1636-4857-84F4-5684BC30E741}.Release|Any CPU.Build.0 = Release|Any CPU
		{04E70A6C-CE82-43F7-AD9F-F410EA6B77AB}.Debug|Any CPU.ActiveCfg = Debug|Any CPU
		{04E70A6C-CE82-43F7-AD9F-F410EA6B77AB}.Debug|Any CPU.Build.0 = Debug|Any CPU
		{04E70A6C-CE82-43F7-AD9F-F410EA6B77AB}.Release|Any CPU.ActiveCfg = Release|Any CPU
		{04E70A6C-CE82-43F7-AD9F-F410EA6B77AB}.Release|Any CPU.Build.0 = Release|Any CPU
		{BA0D0965-F13C-6BA1-27A7-545B85F8D103}.Debug|Any CPU.ActiveCfg = Debug|Any CPU
		{BA0D0965-F13C-6BA1-27A7-545B85F8D103}.Debug|Any CPU.Build.0 = Debug|Any CPU
		{BA0D0965-F13C-6BA1-27A7-545B85F8D103}.Release|Any CPU.ActiveCfg = Release|Any CPU
		{BA0D0965-F13C-6BA1-27A7-545B85F8D103}.Release|Any CPU.Build.0 = Release|Any CPU
		{BED5EDB3-8A6E-4C76-9817-9D41389DC3B6}.Debug|Any CPU.ActiveCfg = Debug|Any CPU
		{BED5EDB3-8A6E-4C76-9817-9D41389DC3B6}.Debug|Any CPU.Build.0 = Debug|Any CPU
		{BED5EDB3-8A6E-4C76-9817-9D41389DC3B6}.Release|Any CPU.ActiveCfg = Release|Any CPU
		{BED5EDB3-8A6E-4C76-9817-9D41389DC3B6}.Release|Any CPU.Build.0 = Release|Any CPU
		{E037F5D0-C2B7-4A2E-BCF0-121F82E1FC9A}.Debug|Any CPU.ActiveCfg = Debug|Any CPU
		{E037F5D0-C2B7-4A2E-BCF0-121F82E1FC9A}.Debug|Any CPU.Build.0 = Debug|Any CPU
		{E037F5D0-C2B7-4A2E-BCF0-121F82E1FC9A}.Release|Any CPU.ActiveCfg = Release|Any CPU
		{E037F5D0-C2B7-4A2E-BCF0-121F82E1FC9A}.Release|Any CPU.Build.0 = Release|Any CPU
		{C8EB3F46-1063-D929-6010-2756ECF98088}.Debug|Any CPU.ActiveCfg = Debug|Any CPU
		{C8EB3F46-1063-D929-6010-2756ECF98088}.Debug|Any CPU.Build.0 = Debug|Any CPU
		{C8EB3F46-1063-D929-6010-2756ECF98088}.Release|Any CPU.ActiveCfg = Release|Any CPU
		{C8EB3F46-1063-D929-6010-2756ECF98088}.Release|Any CPU.Build.0 = Release|Any CPU
		{A5F4C29A-D749-4E87-8B62-39E2B250DE56}.Debug|Any CPU.ActiveCfg = Debug|Any CPU
		{A5F4C29A-D749-4E87-8B62-39E2B250DE56}.Debug|Any CPU.Build.0 = Debug|Any CPU
		{A5F4C29A-D749-4E87-8B62-39E2B250DE56}.Release|Any CPU.ActiveCfg = Release|Any CPU
		{A5F4C29A-D749-4E87-8B62-39E2B250DE56}.Release|Any CPU.Build.0 = Release|Any CPU
		{9BCD6EDB-602F-4AF3-81BA-440E5303F163}.Debug|Any CPU.ActiveCfg = Debug|Any CPU
		{9BCD6EDB-602F-4AF3-81BA-440E5303F163}.Debug|Any CPU.Build.0 = Debug|Any CPU
		{9BCD6EDB-602F-4AF3-81BA-440E5303F163}.Release|Any CPU.ActiveCfg = Release|Any CPU
		{9BCD6EDB-602F-4AF3-81BA-440E5303F163}.Release|Any CPU.Build.0 = Release|Any CPU
		{6A6AFA95-751E-49EF-BDBD-FDE199497FB8}.Debug|Any CPU.ActiveCfg = Debug|Any CPU
		{6A6AFA95-751E-49EF-BDBD-FDE199497FB8}.Debug|Any CPU.Build.0 = Debug|Any CPU
		{6A6AFA95-751E-49EF-BDBD-FDE199497FB8}.Release|Any CPU.ActiveCfg = Release|Any CPU
		{6A6AFA95-751E-49EF-BDBD-FDE199497FB8}.Release|Any CPU.Build.0 = Release|Any CPU
		{7D09FB14-8299-86E6-C9E1-E8B7D6254045}.Debug|Any CPU.ActiveCfg = Debug|Any CPU
		{7D09FB14-8299-86E6-C9E1-E8B7D6254045}.Debug|Any CPU.Build.0 = Debug|Any CPU
		{7D09FB14-8299-86E6-C9E1-E8B7D6254045}.Release|Any CPU.ActiveCfg = Release|Any CPU
		{7D09FB14-8299-86E6-C9E1-E8B7D6254045}.Release|Any CPU.Build.0 = Release|Any CPU
	EndGlobalSection
	GlobalSection(SolutionProperties) = preSolution
		HideSolutionNode = FALSE
	EndGlobalSection
	GlobalSection(NestedProjects) = preSolution
		{798DD721-1B48-4009-8E29-7E0FEDB8D7A0} = {0299B354-3FAC-4A02-AEA0-C2DF96E32FE4}
		{98C22789-7CDD-4080-93A2-93D1AD2BC023} = {0299B354-3FAC-4A02-AEA0-C2DF96E32FE4}
		{97312D17-A672-42B1-8B10-FD64CFAAA260} = {74879F3F-8520-45B6-B9BA-90157499F9E0}
		{480B5821-ADDA-4A51-B111-EC048B4E5621} = {74879F3F-8520-45B6-B9BA-90157499F9E0}
		{A9BD1BD0-4430-47A6-BCB7-163674948792} = {3FA29E6A-0759-4008-8E2D-D963EEA2BE7B}
		{3A01673F-1261-4B65-804D-E48CD22A52E6} = {335B5770-377C-491A-BDC6-DA3D610CCBA0}
		{73FA253A-0BF4-48B9-B933-0DBE9D7C390C} = {0388238D-24DE-42A4-A129-FEA26986EB7C}
		{9A60FB4D-CAC9-4339-A9B3-BF12ED6735E4} = {0388238D-24DE-42A4-A129-FEA26986EB7C}
		{5834218E-8831-4787-AAC4-840C2C1C15B7} = {9D79E3E9-D8DB-4D30-86DB-6F1D1765A232}
		{2AECA314-EBAC-4764-921C-37202F740612} = {B026BB62-A5E7-4EB5-BB5D-1CC5D2A968B5}
		{FFDF9AA9-5FDD-4B08-8C4A-5969EB3D005C} = {0299B354-3FAC-4A02-AEA0-C2DF96E32FE4}
		{A2AD239E-7440-441C-91C6-FD46A660C8D7} = {0299B354-3FAC-4A02-AEA0-C2DF96E32FE4}
		{865FC015-1636-4857-84F4-5684BC30E741} = {0299B354-3FAC-4A02-AEA0-C2DF96E32FE4}
		{04E70A6C-CE82-43F7-AD9F-F410EA6B77AB} = {0299B354-3FAC-4A02-AEA0-C2DF96E32FE4}
		{BA0D0965-F13C-6BA1-27A7-545B85F8D103} = {9D79E3E9-D8DB-4D30-86DB-6F1D1765A232}
		{3FA29E6A-0759-4008-8E2D-D963EEA2BE7B} = {02EA681E-C7D8-13C7-8484-4AC65E1B71E8}
		{BED5EDB3-8A6E-4C76-9817-9D41389DC3B6} = {3FA29E6A-0759-4008-8E2D-D963EEA2BE7B}
		{E037F5D0-C2B7-4A2E-BCF0-121F82E1FC9A} = {3FA29E6A-0759-4008-8E2D-D963EEA2BE7B}
		{C8EB3F46-1063-D929-6010-2756ECF98088} = {3FA29E6A-0759-4008-8E2D-D963EEA2BE7B}
		{0299B354-3FAC-4A02-AEA0-C2DF96E32FE4} = {02EA681E-C7D8-13C7-8484-4AC65E1B71E8}
		{0388238D-24DE-42A4-A129-FEA26986EB7C} = {02EA681E-C7D8-13C7-8484-4AC65E1B71E8}
		{9D79E3E9-D8DB-4D30-86DB-6F1D1765A232} = {02EA681E-C7D8-13C7-8484-4AC65E1B71E8}
		{74879F3F-8520-45B6-B9BA-90157499F9E0} = {02EA681E-C7D8-13C7-8484-4AC65E1B71E8}
		{335B5770-377C-491A-BDC6-DA3D610CCBA0} = {02EA681E-C7D8-13C7-8484-4AC65E1B71E8}
		{A5F4C29A-D749-4E87-8B62-39E2B250DE56} = {A731528C-1E3A-4F2D-8A8E-5378F35BC042}
		{9BCD6EDB-602F-4AF3-81BA-440E5303F163} = {A731528C-1E3A-4F2D-8A8E-5378F35BC042}
		{6A6AFA95-751E-49EF-BDBD-FDE199497FB8} = {A731528C-1E3A-4F2D-8A8E-5378F35BC042}
		{7D09FB14-8299-86E6-C9E1-E8B7D6254045} = {0388238D-24DE-42A4-A129-FEA26986EB7C}
	EndGlobalSection
	GlobalSection(ExtensibilityGlobals) = postSolution
		SolutionGuid = {7DEE9960-9DA9-456E-A855-B55186FFBFB1}
	EndGlobalSection
EndGlobal
